
Microsoft Visual Studio Solution File, Format Version 12.00
# Visual Studio Version 17
VisualStudioVersion = 17.8.34330.188
MinimumVisualStudioVersion = 10.0.40219.1
Project("{9A19103F-16F7-4668-BE54-9A1E7A4F7556}") = "Homepage", "Homepage.csproj", "{B023DE15-3DF7-49C1-8CA3-9977FEC1CE76}"
EndProject
Global
	GlobalSection(SolutionConfigurationPlatforms) = preSolution
		Debug|Any CPU = Debug|Any CPU
		Release|Any CPU = Release|Any CPU
	EndGlobalSection
	GlobalSection(ProjectConfigurationPlatforms) = postSolution
		{B023DE15-3DF7-49C1-8CA3-9977FEC1CE76}.Debug|Any CPU.ActiveCfg = Debug|Any CPU
		{B023DE15-3DF7-49C1-8CA3-9977FEC1CE76}.Debug|Any CPU.Build.0 = Debug|Any CPU
		{B023DE15-3DF7-49C1-8CA3-9977FEC1CE76}.Release|Any CPU.ActiveCfg = Release|Any CPU
		{B023DE15-3DF7-49C1-8CA3-9977FEC1CE76}.Release|Any CPU.Build.0 = Release|Any CPU
	EndGlobalSection
	GlobalSection(SolutionProperties) = preSolution
		HideSolutionNode = FALSE
	EndGlobalSection
	GlobalSection(ExtensibilityGlobals) = postSolution
		SolutionGuid = {529CAB8A-164F-4B52-AA2C-ECABD24D61F7}
	EndGlobalSection
EndGlobal
